
Microsoft Visual Studio Solution File, Format Version 12.00
# Visual Studio Version 17
VisualStudioVersion = 17.4.33122.133
MinimumVisualStudioVersion = 10.0.40219.1
Project("{FAE04EC0-301F-11D3-BF4B-00C04F79EFBC}") = "ATMApplication", "ATMApplication.csproj", "{E5038697-1748-49DA-851C-FA4924C77637}"
EndProject
Global
	GlobalSection(SolutionConfigurationPlatforms) = preSolution
		Debug|Any CPU = Debug|Any CPU
		Release|Any CPU = Release|Any CPU
	EndGlobalSection
	GlobalSection(ProjectConfigurationPlatforms) = postSolution
		{E5038697-1748-49DA-851C-FA4924C77637}.Debug|Any CPU.ActiveCfg = Debug|Any CPU
		{E5038697-1748-49DA-851C-FA4924C77637}.Debug|Any CPU.Build.0 = Debug|Any CPU
		{E5038697-1748-49DA-851C-FA4924C77637}.Release|Any CPU.ActiveCfg = Release|Any CPU
		{E5038697-1748-49DA-851C-FA4924C77637}.Release|Any CPU.Build.0 = Release|Any CPU
	EndGlobalSection
	GlobalSection(SolutionProperties) = preSolution
		HideSolutionNode = FALSE
	EndGlobalSection
	GlobalSection(ExtensibilityGlobals) = postSolution
		SolutionGuid = {A845058A-B049-48A1-B875-81D536A01A74}
	EndGlobalSection
EndGlobal
